
Microsoft Visual Studio Solution File, Format Version 12.00
# Visual Studio Version 16
VisualStudioVersion = 16.0.29403.142
MinimumVisualStudioVersion = 10.0.40219.1
Project("{8BC9CEB8-8B4A-11D0-8D11-00A0C91BC942}") = "ConsoleApplication1", "ConsoleApplication1\ConsoleApplication1.vcxproj", "{FCDA4B91-E495-45C7-92EC-9F7AB8494210}"
EndProject
Global
	GlobalSection(SolutionConfigurationPlatforms) = preSolution
		Debug|x64 = Debug|x64
		Debug|x86 = Debug|x86
		Release|x64 = Release|x64
		Release|x86 = Release|x86
	EndGlobalSection
	GlobalSection(ProjectConfigurationPlatforms) = postSolution
		{FCDA4B91-E495-45C7-92EC-9F7AB8494210}.Debug|x64.ActiveCfg = Debug|x64
		{FCDA4B91-E495-45C7-92EC-9F7AB8494210}.Debug|x64.Build.0 = Debug|x64
		{FCDA4B91-E495-45C7-92EC-9F7AB8494210}.Debug|x86.ActiveCfg = Debug|Win32
		{FCDA4B91-E495-45C7-92EC-9F7AB8494210}.Debug|x86.Build.0 = Debug|Win32
		{FCDA4B91-E495-45C7-92EC-9F7AB8494210}.Release|x64.ActiveCfg = Release|x64
		{FCDA4B91-E495-45C7-92EC-9F7AB8494210}.Release|x64.Build.0 = Release|x64
		{FCDA4B91-E495-45C7-92EC-9F7AB8494210}.Release|x86.ActiveCfg = Release|Win32
		{FCDA4B91-E495-45C7-92EC-9F7AB8494210}.Release|x86.Build.0 = Release|Win32
	EndGlobalSection
	GlobalSection(SolutionProperties) = preSolution
		HideSolutionNode = FALSE
	EndGlobalSection
	GlobalSection(ExtensibilityGlobals) = postSolution
		SolutionGuid = {EE815029-ACAE-4B69-923B-B7BBB91463FB}
	EndGlobalSection
EndGlobal
